// !$*UTF8*$!
{
	archiveVersion = 1;
	classes = {
	};
	objectVersion = 55;
	objects = {

/* Begin PBXBuildFile section */
		7845DB6A27DA5FC200ACCEF0 /* SeachAppApp.swift in Sources */ = {isa = PBXBuildFile; fileRef = 7845DB5A27DA5FBE00ACCEF0 /* SeachAppApp.swift */; };
		7845DB6B27DA5FC200ACCEF0 /* SeachAppApp.swift in Sources */ = {isa = PBXBuildFile; fileRef = 7845DB5A27DA5FBE00ACCEF0 /* SeachAppApp.swift */; };
		7845DB6C27DA5FC200ACCEF0 /* ContentView.swift in Sources */ = {isa = PBXBuildFile; fileRef = 7845DB5B27DA5FBE00ACCEF0 /* ContentView.swift */; };
		7845DB6D27DA5FC200ACCEF0 /* ContentView.swift in Sources */ = {isa = PBXBuildFile; fileRef = 7845DB5B27DA5FBE00ACCEF0 /* ContentView.swift */; };
		7845DB6E27DA5FC200ACCEF0 /* Assets.xcassets in Resources */ = {isa = PBXBuildFile; fileRef = 7845DB5C27DA5FC200ACCEF0 /* Assets.xcassets */; };
		7845DB6F27DA5FC200ACCEF0 /* Assets.xcassets in Resources */ = {isa = PBXBuildFile; fileRef = 7845DB5C27DA5FC200ACCEF0 /* Assets.xcassets */; };
		7845DB7A27DB603300ACCEF0 /* Kingfisher in Frameworks */ = {isa = PBXBuildFile; productRef = 7845DB7927DB603300ACCEF0 /* Kingfisher */; };
/* End PBXBuildFile section */

/* Begin PBXFileReference section */
		7845DB5A27DA5FBE00ACCEF0 /* SeachAppApp.swift */ = {isa = PBXFileReference; lastKnownFileType = sourcecode.swift; path = SeachAppApp.swift; sourceTree = "<group>"; };
		7845DB5B27DA5FBE00ACCEF0 /* ContentView.swift */ = {isa = PBXFileReference; lastKnownFileType = sourcecode.swift; path = ContentView.swift; sourceTree = "<group>"; };
		7845DB5C27DA5FC200ACCEF0 /* Assets.xcassets */ = {isa = PBXFileReference; lastKnownFileType = folder.assetcatalog; path = Assets.xcassets; sourceTree = "<group>"; };
		7845DB6127DA5FC200ACCEF0 /* SeachApp.app */ = {isa = PBXFileReference; explicitFileType = wrapper.application; includeInIndex = 0; path = SeachApp.app; sourceTree = BUILT_PRODUCTS_DIR; };
		7845DB6727DA5FC200ACCEF0 /* SeachApp.app */ = {isa = PBXFileReference; explicitFileType = wrapper.application; includeInIndex = 0; path = SeachApp.app; sourceTree = BUILT_PRODUCTS_DIR; };
		7845DB6927DA5FC200ACCEF0 /* macOS.entitlements */ = {isa = PBXFileReference; lastKnownFileType = text.plist.entitlements; path = macOS.entitlements; sourceTree = "<group>"; };
/* End PBXFileReference section */

/* Begin PBXFrameworksBuildPhase section */
		7845DB5E27DA5FC200ACCEF0 /* Frameworks */ = {
			isa = PBXFrameworksBuildPhase;
			buildActionMask = 2147483647;
			files = (
				7845DB7A27DB603300ACCEF0 /* Kingfisher in Frameworks */,
			);
			runOnlyForDeploymentPostprocessing = 0;
		};
		7845DB6427DA5FC200ACCEF0 /* Frameworks */ = {
			isa = PBXFrameworksBuildPhase;
			buildActionMask = 2147483647;
			files = (
			);
			runOnlyForDeploymentPostprocessing = 0;
		};
/* End PBXFrameworksBuildPhase section */

/* Begin PBXGroup section */
		7845DB5427DA5FBD00ACCEF0 = {
			isa = PBXGroup;
			children = (
				7845DB5927DA5FBD00ACCEF0 /* Shared */,
				7845DB6827DA5FC200ACCEF0 /* macOS */,
				7845DB6227DA5FC200ACCEF0 /* Products */,
			);
			sourceTree = "<group>";
		};
		7845DB5927DA5FBD00ACCEF0 /* Shared */ = {
			isa = PBXGroup;
			children = (
				7845DB5A27DA5FBE00ACCEF0 /* SeachAppApp.swift */,
				7845DB5B27DA5FBE00ACCEF0 /* ContentView.swift */,
				7845DB5C27DA5FC200ACCEF0 /* Assets.xcassets */,
			);
			path = Shared;
			sourceTree = "<group>";
		};
		7845DB6227DA5FC200ACCEF0 /* Products */ = {
			isa = PBXGroup;
			children = (
				7845DB6127DA5FC200ACCEF0 /* SeachApp.app */,
				7845DB6727DA5FC200ACCEF0 /* SeachApp.app */,
			);
			name = Products;
			sourceTree = "<group>";
		};
		7845DB6827DA5FC200ACCEF0 /* macOS */ = {
			isa = PBXGroup;
			children = (
				7845DB6927DA5FC200ACCEF0 /* macOS.entitlements */,
			);
			path = macOS;
			sourceTree = "<group>";
		};
/* End PBXGroup section */

/* Begin PBXNativeTarget section */
		7845DB6027DA5FC200ACCEF0 /* SeachApp (iOS) */ = {
			isa = PBXNativeTarget;
			buildConfigurationList = 7845DB7227DA5FC200ACCEF0 /* Build configuration list for PBXNativeTarget "SeachApp (iOS)" */;
			buildPhases = (
				7845DB5D27DA5FC200ACCEF0 /* Sources */,
				7845DB5E27DA5FC200ACCEF0 /* Frameworks */,
				7845DB5F27DA5FC200ACCEF0 /* Resources */,
			);
			buildRules = (
			);
			dependencies = (
			);
			name = "SeachApp (iOS)";
			packageProductDependencies = (
				7845DB7927DB603300ACCEF0 /* Kingfisher */,
			);
			productName = "SeachApp (iOS)";
			productReference = 7845DB6127DA5FC200ACCEF0 /* SeachApp.app */;
			productType = "com.apple.product-type.application";
		};
		7845DB6627DA5FC200ACCEF0 /* SeachApp (macOS) */ = {
			isa = PBXNativeTarget;
			buildConfigurationList = 7845DB7527DA5FC200ACCEF0 /* Build configuration list for PBXNativeTarget "SeachApp (macOS)" */;
			buildPhases = (
				7845DB6327DA5FC200ACCEF0 /* Sources */,
				7845DB6427DA5FC200ACCEF0 /* Frameworks */,
				7845DB6527DA5FC200ACCEF0 /* Resources */,
			);
			buildRules = (
			);
			dependencies = (
			);
			name = "SeachApp (macOS)";
			productName = "SeachApp (macOS)";
			productReference = 7845DB6727DA5FC200ACCEF0 /* SeachApp.app */;
			productType = "com.apple.product-type.application";
		};
/* End PBXNativeTarget section */

/* Begin PBXProject section */
		7845DB5527DA5FBD00ACCEF0 /* Project object */ = {
			isa = PBXProject;
			attributes = {
				BuildIndependentTargetsInParallel = 1;
				LastSwiftUpdateCheck = 1320;
				LastUpgradeCheck = 1320;
				TargetAttributes = {
					7845DB6027DA5FC200ACCEF0 = {
						CreatedOnToolsVersion = 13.2.1;
					};
					7845DB6627DA5FC200ACCEF0 = {
						CreatedOnToolsVersion = 13.2.1;
					};
				};
			};
			buildConfigurationList = 7845DB5827DA5FBD00ACCEF0 /* Build configuration list for PBXProject "SeachApp" */;
			compatibilityVersion = "Xcode 13.0";
			developmentRegion = en;
			hasScannedForEncodings = 0;
			knownRegions = (
				en,
				Base,
			);
			mainGroup = 7845DB5427DA5FBD00ACCEF0;
			packageReferences = (
				7845DB7827DB603300ACCEF0 /* XCRemoteSwiftPackageReference "Kingfisher" */,
			);
			productRefGroup = 7845DB6227DA5FC200ACCEF0 /* Products */;
			projectDirPath = "";
			projectRoot = "";
			targets = (
				7845DB6027DA5FC200ACCEF0 /* SeachApp (iOS) */,
				7845DB6627DA5FC200ACCEF0 /* SeachApp (macOS) */,
			);
		};
/* End PBXProject section */

/* Begin PBXResourcesBuildPhase section */
		7845DB5F27DA5FC200ACCEF0 /* Resources */ = {
			isa = PBXResourcesBuildPhase;
			buildActionMask = 2147483647;
			files = (
				7845DB6E27DA5FC200ACCEF0 /* Assets.xcassets in Resources */,
			);
			runOnlyForDeploymentPostprocessing = 0;
		};
		7845DB6527DA5FC200ACCEF0 /* Resources */ = {
			isa = PBXResourcesBuildPhase;
			buildActionMask = 2147483647;
			files = (
				7845DB6F27DA5FC200ACCEF0 /* Assets.xcassets in Resources */,
			);
			runOnlyForDeploymentPostprocessing = 0;
		};
/* End PBXResourcesBuildPhase section */

/* Begin PBXSourcesBuildPhase section */
		7845DB5D27DA5FC200ACCEF0 /* Sources */ = {
			isa = PBXSourcesBuildPhase;
			buildActionMask = 2147483647;
			files = (
				7845DB6C27DA5FC200ACCEF0 /* ContentView.swift in Sources */,
				7845DB6A27DA5FC200ACCEF0 /* SeachAppApp.swift in Sources */,
			);
			runOnlyForDeploymentPostprocessing = 0;
		};
		7845DB6327DA5FC200ACCEF0 /* Sources */ = {
			isa = PBXSourcesBuildPhase;
			buildActionMask = 2147483647;
			files = (
				7845DB6D27DA5FC200ACCEF0 /* ContentView.swift in Sources */,
				7845DB6B27DA5FC200ACCEF0 /* SeachAppApp.swift in Sources */,
			);
			runOnlyForDeploymentPostprocessing = 0;
		};
/* End PBXSourcesBuildPhase section */

/* Begin XCBuildConfiguration section */
		7845DB7027DA5FC200ACCEF0 /* Debug */ = {
			isa = XCBuildConfiguration;
			buildSettings = {
				ALWAYS_SEARCH_USER_PATHS = NO;
				CLANG_ANALYZER_NONNULL = YES;
				CLANG_ANALYZER_NUMBER_OBJECT_CONVERSION = YES_AGGRESSIVE;
				CLANG_CXX_LANGUAGE_STANDARD = "gnu++17";
				CLANG_CXX_LIBRARY = "libc++";
				CLANG_ENABLE_MODULES = YES;
				CLANG_ENABLE_OBJC_ARC = YES;
				CLANG_ENABLE_OBJC_WEAK = YES;
				CLANG_WARN_BLOCK_CAPTURE_AUTORELEASING = YES;
				CLANG_WARN_BOOL_CONVERSION = YES;
				CLANG_WARN_COMMA = YES;
				CLANG_WARN_CONSTANT_CONVERSION = YES;
				CLANG_WARN_DEPRECATED_OBJC_IMPLEMENTATIONS = YES;
				CLANG_WARN_DIRECT_OBJC_ISA_USAGE = YES_ERROR;
				CLANG_WARN_DOCUMENTATION_COMMENTS = YES;
				CLANG_WARN_EMPTY_BODY = YES;
				CLANG_WARN_ENUM_CONVERSION = YES;
				CLANG_WARN_INFINITE_RECURSION = YES;
				CLANG_WARN_INT_CONVERSION = YES;
				CLANG_WARN_NON_LITERAL_NULL_CONVERSION = YES;
				CLANG_WARN_OBJC_IMPLICIT_RETAIN_SELF = YES;
				CLANG_WARN_OBJC_LITERAL_CONVERSION = YES;
				CLANG_WARN_OBJC_ROOT_CLASS = YES_ERROR;
				CLANG_WARN_QUOTED_INCLUDE_IN_FRAMEWORK_HEADER = YES;
				CLANG_WARN_RANGE_LOOP_ANALYSIS = YES;
				CLANG_WARN_STRICT_PROTOTYPES = YES;
				CLANG_WARN_SUSPICIOUS_MOVE = YES;
				CLANG_WARN_UNGUARDED_AVAILABILITY = YES_AGGRESSIVE;
				CLANG_WARN_UNREACHABLE_CODE = YES;
				CLANG_WARN__DUPLICATE_METHOD_MATCH = YES;
				COPY_PHASE_STRIP = NO;
				DEBUG_INFORMATION_FORMAT = dwarf;
				ENABLE_STRICT_OBJC_MSGSEND = YES;
				ENABLE_TESTABILITY = YES;
				GCC_C_LANGUAGE_STANDARD = gnu11;
				GCC_DYNAMIC_NO_PIC = NO;
				GCC_NO_COMMON_BLOCKS = YES;
				GCC_OPTIMIZATION_LEVEL = 0;
				GCC_PREPROCESSOR_DEFINITIONS = (
					"DEBUG=1",
					"$(inherited)",
				);
				GCC_WARN_64_TO_32_BIT_CONVERSION = YES;
				GCC_WARN_ABOUT_RETURN_TYPE = YES_ERROR;
				GCC_WARN_UNDECLARED_SELECTOR = YES;
				GCC_WARN_UNINITIALIZED_AUTOS = YES_AGGRESSIVE;
				GCC_WARN_UNUSED_FUNCTION = YES;
				GCC_WARN_UNUSED_VARIABLE = YES;
				MTL_ENABLE_DEBUG_INFO = INCLUDE_SOURCE;
				MTL_FAST_MATH = YES;
				ONLY_ACTIVE_ARCH = YES;
				SWIFT_ACTIVE_COMPILATION_CONDITIONS = DEBUG;
				SWIFT_OPTIMIZATION_LEVEL = "-Onone";
			};
			name = Debug;
		};
		7845DB7127DA5FC200ACCEF0 /* Release */ = {
			isa = XCBuildConfiguration;
			buildSettings = {
				ALWAYS_SEARCH_USER_PATHS = NO;
				CLANG_ANALYZER_NONNULL = YES;
				CLANG_ANALYZER_NUMBER_OBJECT_CONVERSION = YES_AGGRESSIVE;
				CLANG_CXX_LANGUAGE_STANDARD = "gnu++17";
				CLANG_CXX_LIBRARY = "libc++";
				CLANG_ENABLE_MODULES = YES;
				CLANG_ENABLE_OBJC_ARC = YES;
				CLANG_ENABLE_OBJC_WEAK = YES;
				CLANG_WARN_BLOCK_CAPTURE_AUTORELEASING = YES;
				CLANG_WARN_BOOL_CONVERSION = YES;
				CLANG_WARN_COMMA = YES;
				CLANG_WARN_CONSTANT_CONVERSION = YES;
				CLANG_WARN_DEPRECATED_OBJC_IMPLEMENTATIONS = YES;
				CLANG_WARN_DIRECT_OBJC_ISA_USAGE = YES_ERROR;
				CLANG_WARN_DOCUMENTATION_COMMENTS = YES;
				CLANG_WARN_EMPTY_BODY = YES;
				CLANG_WARN_ENUM_CONVERSION = YES;
				CLANG_WARN_INFINITE_RECURSION = YES;
				CLANG_WARN_INT_CONVERSION = YES;
				CLANG_WARN_NON_LITERAL_NULL_CONVERSION = YES;
				CLANG_WARN_OBJC_IMPLICIT_RETAIN_SELF = YES;
				CLANG_WARN_OBJC_LITERAL_CONVERSION = YES;
				CLANG_WARN_OBJC_ROOT_CLASS = YES_ERROR;
				CLANG_WARN_QUOTED_INCLUDE_IN_FRAMEWORK_HEADER = YES;
				CLANG_WARN_RANGE_LOOP_ANALYSIS = YES;
				CLANG_WARN_STRICT_PROTOTYPES = YES;
				CLANG_WARN_SUSPICIOUS_MOVE = YES;
				CLANG_WARN_UNGUARDED_AVAILABILITY = YES_AGGRESSIVE;
				CLANG_WARN_UNREACHABLE_CODE = YES;
				CLANG_WARN__DUPLICATE_METHOD_MATCH = YES;
				COPY_PHASE_STRIP = NO;
				DEBUG_INFORMATION_FORMAT = "dwarf-with-dsym";
				ENABLE_NS_ASSERTIONS = NO;
				ENABLE_STRICT_OBJC_MSGSEND = YES;
				GCC_C_LANGUAGE_STANDARD = gnu11;
				GCC_NO_COMMON_BLOCKS = YES;
				GCC_WARN_64_TO_32_BIT_CONVERSION = YES;
				GCC_WARN_ABOUT_RETURN_TYPE = YES_ERROR;
				GCC_WARN_UNDECLARED_SELECTOR = YES;
				GCC_WARN_UNINITIALIZED_AUTOS = YES_AGGRESSIVE;
				GCC_WARN_UNUSED_FUNCTION = YES;
				GCC_WARN_UNUSED_VARIABLE = YES;
				MTL_ENABLE_DEBUG_INFO = NO;
				MTL_FAST_MATH = YES;
				SWIFT_COMPILATION_MODE = wholemodule;
				SWIFT_OPTIMIZATION_LEVEL = "-O";
			};
			name = Release;
		};
		7845DB7327DA5FC200ACCEF0 /* Debug */ = {
			isa = XCBuildConfiguration;
			buildSettings = {
				ASSETCATALOG_COMPILER_APPICON_NAME = AppIcon;
				ASSETCATALOG_COMPILER_GLOBAL_ACCENT_COLOR_NAME = AccentColor;
				CODE_SIGN_STYLE = Automatic;
				CURRENT_PROJECT_VERSION = 1;
				ENABLE_PREVIEWS = YES;
				GENERATE_INFOPLIST_FILE = YES;
				INFOPLIST_KEY_UIApplicationSceneManifest_Generation = YES;
				INFOPLIST_KEY_UIApplicationSupportsIndirectInputEvents = YES;
				INFOPLIST_KEY_UILaunchScreen_Generation = YES;
				INFOPLIST_KEY_UISupportedInterfaceOrientations_iPad = "UIInterfaceOrientationPortrait UIInterfaceOrientationPortraitUpsideDown UIInterfaceOrientationLandscapeLeft UIInterfaceOrientationLandscapeRight";
				INFOPLIST_KEY_UISupportedInterfaceOrientations_iPhone = "UIInterfaceOrientationPortrait UIInterfaceOrientationLandscapeLeft UIInterfaceOrientationLandscapeRight";
				IPHONEOS_DEPLOYMENT_TARGET = 15.2;
				LD_RUNPATH_SEARCH_PATHS = (
					"$(inherited)",
					"@executable_path/Frameworks",
				);
				MARKETING_VERSION = 1.0;
				PRODUCT_BUNDLE_IDENTIFIER = abay.SeachApp;
				PRODUCT_NAME = SeachApp;
				SDKROOT = iphoneos;
				SWIFT_EMIT_LOC_STRINGS = YES;
				SWIFT_VERSION = 5.0;
				TARGETED_DEVICE_FAMILY = "1,2";
			};
			name = Debug;
		};
		7845DB7427DA5FC200ACCEF0 /* Release */ = {
			isa = XCBuildConfiguration;
			buildSettings = {
				ASSETCATALOG_COMPILER_APPICON_NAME = AppIcon;
				ASSETCATALOG_COMPILER_GLOBAL_ACCENT_COLOR_NAME = AccentColor;
				CODE_SIGN_STYLE = Automatic;
				CURRENT_PROJECT_VERSION = 1;
				ENABLE_PREVIEWS = YES;
				GENERATE_INFOPLIST_FILE = YES;
				INFOPLIST_KEY_UIApplicationSceneManifest_Generation = YES;
				INFOPLIST_KEY_UIApplicationSupportsIndirectInputEvents = YES;
				INFOPLIST_KEY_UILaunchScreen_Generation = YES;
				INFOPLIST_KEY_UISupportedInterfaceOrientations_iPad = "UIInterfaceOrientationPortrait UIInterfaceOrientationPortraitUpsideDown UIInterfaceOrientationLandscapeLeft UIInterfaceOrientationLandscapeRight";
				INFOPLIST_KEY_UISupportedInterfaceOrientations_iPhone = "UIInterfaceOrientationPortrait UIInterfaceOrientationLandscapeLeft UIInterfaceOrientationLandscapeRight";
				IPHONEOS_DEPLOYMENT_TARGET = 15.2;
				LD_RUNPATH_SEARCH_PATHS = (
					"$(inherited)",
					"@executable_path/Frameworks",
				);
				MARKETING_VERSION = 1.0;
				PRODUCT_BUNDLE_IDENTIFIER = abay.SeachApp;
				PRODUCT_NAME = SeachApp;
				SDKROOT = iphoneos;
				SWIFT_EMIT_LOC_STRINGS = YES;
				SWIFT_VERSION = 5.0;
				TARGETED_DEVICE_FAMILY = "1,2";
				VALIDATE_PRODUCT = YES;
			};
			name = Release;
		};
		7845DB7627DA5FC200ACCEF0 /* Debug */ = {
			isa = XCBuildConfiguration;
			buildSettings = {
				ASSETCATALOG_COMPILER_APPICON_NAME = AppIcon;
				ASSETCATALOG_COMPILER_GLOBAL_ACCENT_COLOR_NAME = AccentColor;
				CODE_SIGN_ENTITLEMENTS = macOS/macOS.entitlements;
				CODE_SIGN_STYLE = Automatic;
				COMBINE_HIDPI_IMAGES = YES;
				CURRENT_PROJECT_VERSION = 1;
				ENABLE_PREVIEWS = YES;
				GENERATE_INFOPLIST_FILE = YES;
				INFOPLIST_KEY_NSHumanReadableCopyright = "";
				LD_RUNPATH_SEARCH_PATHS = (
					"$(inherited)",
					"@executable_path/../Frameworks",
				);
				MACOSX_DEPLOYMENT_TARGET = 12.1;
				MARKETING_VERSION = 1.0;
				PRODUCT_BUNDLE_IDENTIFIER = abay.SeachApp;
				PRODUCT_NAME = SeachApp;
				SDKROOT = macosx;
				SWIFT_EMIT_LOC_STRINGS = YES;
				SWIFT_VERSION = 5.0;
			};
			name = Debug;
		};
		7845DB7727DA5FC200ACCEF0 /* Release */ = {
			isa = XCBuildConfiguration;
			buildSettings = {
				ASSETCATALOG_COMPILER_APPICON_NAME = AppIcon;
				ASSETCATALOG_COMPILER_GLOBAL_ACCENT_COLOR_NAME = AccentColor;
				CODE_SIGN_ENTITLEMENTS = macOS/macOS.entitlements;
				CODE_SIGN_STYLE = Automatic;
				COMBINE_HIDPI_IMAGES = YES;
				CURRENT_PROJECT_VERSION = 1;
				ENABLE_PREVIEWS = YES;
				GENERATE_INFOPLIST_FILE = YES;
				INFOPLIST_KEY_NSHumanReadableCopyright = "";
				LD_RUNPATH_SEARCH_PATHS = (
					"$(inherited)",
					"@executable_path/../Frameworks",
				);
				MACOSX_DEPLOYMENT_TARGET = 12.1;
				MARKETING_VERSION = 1.0;
				PRODUCT_BUNDLE_IDENTIFIER = abay.SeachApp;
				PRODUCT_NAME = SeachApp;
				SDKROOT = macosx;
				SWIFT_EMIT_LOC_STRINGS = YES;
				SWIFT_VERSION = 5.0;
			};
			name = Release;
		};
/* End XCBuildConfiguration section */

/* Begin XCConfigurationList section */
		7845DB5827DA5FBD00ACCEF0 /* Build configuration list for PBXProject "SeachApp" */ = {
			isa = XCConfigurationList;
			buildConfigurations = (
				7845DB7027DA5FC200ACCEF0 /* Debug */,
				7845DB7127DA5FC200ACCEF0 /* Release */,
			);
			defaultConfigurationIsVisible = 0;
			defaultConfigurationName = Release;
		};
		7845DB7227DA5FC200ACCEF0 /* Build configuration list for PBXNativeTarget "SeachApp (iOS)" */ = {
			isa = XCConfigurationList;
			buildConfigurations = (
				7845DB7327DA5FC200ACCEF0 /* Debug */,
				7845DB7427DA5FC200ACCEF0 /* Release */,
			);
			defaultConfigurationIsVisible = 0;
			defaultConfigurationName = Release;
		};
		7845DB7527DA5FC200ACCEF0 /* Build configuration list for PBXNativeTarget "SeachApp (macOS)" */ = {
			isa = XCConfigurationList;
			buildConfigurations = (
				7845DB7627DA5FC200ACCEF0 /* Debug */,
				7845DB7727DA5FC200ACCEF0 /* Release */,
			);
			defaultConfigurationIsVisible = 0;
			defaultConfigurationName = Release;
		};
/* End XCConfigurationList section */

/* Begin XCRemoteSwiftPackageReference section */
		7845DB7827DB603300ACCEF0 /* XCRemoteSwiftPackageReference "Kingfisher" */ = {
			isa = XCRemoteSwiftPackageReference;
			repositoryURL = "https://github.com/onevcat/Kingfisher";
			requirement = {
				kind = upToNextMajorVersion;
				minimumVersion = 7.0.0;
			};
		};
/* End XCRemoteSwiftPackageReference section */

/* Begin XCSwiftPackageProductDependency section */
		7845DB7927DB603300ACCEF0 /* Kingfisher */ = {
			isa = XCSwiftPackageProductDependency;
			package = 7845DB7827DB603300ACCEF0 /* XCRemoteSwiftPackageReference "Kingfisher" */;
			productName = Kingfisher;
		};
/* End XCSwiftPackageProductDependency section */
	};
	rootObject = 7845DB5527DA5FBD00ACCEF0 /* Project object */;
}
